
Microsoft Visual Studio Solution File, Format Version 10.00
# Visual Studio 2008
Project("{FAE04EC0-301F-11D3-BF4B-00C04F79EFBC}") = "QuartzAdmin.web", "QuartzAdmin.web\QuartzAdmin.web.csproj", "{9C9863B2-B6C2-43CD-8A46-40356A3BE01F}"
EndProject
Project("{FAE04EC0-301F-11D3-BF4B-00C04F79EFBC}") = "QuartzAdmin.web.Tests", "QuartzAdmin.web.Tests\QuartzAdmin.web.Tests.csproj", "{7A04C7B4-F03D-489B-B89B-B9113ED6F01F}"
EndProject
Project("{FAE04EC0-301F-11D3-BF4B-00C04F79EFBC}") = "QuartzAdmin.config", "QuartzAdmin.config\QuartzAdmin.config.csproj", "{2DA8324D-5DD7-40B0-B149-52AF1EE32EE4}"
EndProject
Global
	GlobalSection(SolutionConfigurationPlatforms) = preSolution
		Debug|Any CPU = Debug|Any CPU
		Release|Any CPU = Release|Any CPU
	EndGlobalSection
	GlobalSection(ProjectConfigurationPlatforms) = postSolution
		{9C9863B2-B6C2-43CD-8A46-40356A3BE01F}.Debug|Any CPU.ActiveCfg = Debug|Any CPU
		{9C9863B2-B6C2-43CD-8A46-40356A3BE01F}.Debug|Any CPU.Build.0 = Debug|Any CPU
		{9C9863B2-B6C2-43CD-8A46-40356A3BE01F}.Release|Any CPU.ActiveCfg = Release|Any CPU
		{9C9863B2-B6C2-43CD-8A46-40356A3BE01F}.Release|Any CPU.Build.0 = Release|Any CPU
		{7A04C7B4-F03D-489B-B89B-B9113ED6F01F}.Debug|Any CPU.ActiveCfg = Debug|Any CPU
		{7A04C7B4-F03D-489B-B89B-B9113ED6F01F}.Debug|Any CPU.Build.0 = Debug|Any CPU
		{7A04C7B4-F03D-489B-B89B-B9113ED6F01F}.Release|Any CPU.ActiveCfg = Release|Any CPU
		{7A04C7B4-F03D-489B-B89B-B9113ED6F01F}.Release|Any CPU.Build.0 = Release|Any CPU
		{2DA8324D-5DD7-40B0-B149-52AF1EE32EE4}.Debug|Any CPU.ActiveCfg = Debug|Any CPU
		{2DA8324D-5DD7-40B0-B149-52AF1EE32EE4}.Debug|Any CPU.Build.0 = Debug|Any CPU
		{2DA8324D-5DD7-40B0-B149-52AF1EE32EE4}.Release|Any CPU.ActiveCfg = Release|Any CPU
		{2DA8324D-5DD7-40B0-B149-52AF1EE32EE4}.Release|Any CPU.Build.0 = Release|Any CPU
	EndGlobalSection
	GlobalSection(SolutionProperties) = preSolution
		HideSolutionNode = FALSE
	EndGlobalSection
EndGlobal
